
Microsoft Visual Studio Solution File, Format Version 12.00
# Visual Studio Version 17
VisualStudioVersion = 17.14.36310.24
MinimumVisualStudioVersion = 10.0.40219.1
Project("{FAE04EC0-301F-11D3-BF4B-00C04F79EFBC}") = "Sem1_C#", "FA - Sem3\Sem1_C#.csproj", "{BA584389-5F68-4005-AF85-9AF04F767693}"
EndProject
Project("{888888A0-9F3D-457C-B088-3A5042F75D52}") = "Sem1_Python", "Sem3_Python\Sem1_Python.pyproj", "{C599E251-06A9-4E3B-9B4D-4534972F8EC5}"
EndProject
Project("{FAE04EC0-301F-11D3-BF4B-00C04F79EFBC}") = "Semana4_C#", "Semana4_C#\Semana4_C#.csproj", "{9DF259F9-23B8-4AA6-BD4E-9CA265F20F5E}"
EndProject
Project("{888888A0-9F3D-457C-B088-3A5042F75D52}") = "Semana5_PY", "Semana5_PY\Semana5_PY.pyproj", "{558079F4-F179-42FF-B603-09624EF235E1}"
EndProject
Project("{FAE04EC0-301F-11D3-BF4B-00C04F79EFBC}") = "Semana5_C#", "Semana5_C#\Semana5_C#.csproj", "{CFEE76DE-A896-40A7-A39E-3F8FF3462236}"
EndProject
Global
	GlobalSection(SolutionConfigurationPlatforms) = preSolution
		Debug|Any CPU = Debug|Any CPU
		Release|Any CPU = Release|Any CPU
	EndGlobalSection
	GlobalSection(ProjectConfigurationPlatforms) = postSolution
		{BA584389-5F68-4005-AF85-9AF04F767693}.Debug|Any CPU.ActiveCfg = Debug|Any CPU
		{BA584389-5F68-4005-AF85-9AF04F767693}.Debug|Any CPU.Build.0 = Debug|Any CPU
		{BA584389-5F68-4005-AF85-9AF04F767693}.Release|Any CPU.ActiveCfg = Release|Any CPU
		{BA584389-5F68-4005-AF85-9AF04F767693}.Release|Any CPU.Build.0 = Release|Any CPU
		{C599E251-06A9-4E3B-9B4D-4534972F8EC5}.Debug|Any CPU.ActiveCfg = Debug|Any CPU
		{C599E251-06A9-4E3B-9B4D-4534972F8EC5}.Release|Any CPU.ActiveCfg = Release|Any CPU
		{9DF259F9-23B8-4AA6-BD4E-9CA265F20F5E}.Debug|Any CPU.ActiveCfg = Debug|Any CPU
		{9DF259F9-23B8-4AA6-BD4E-9CA265F20F5E}.Debug|Any CPU.Build.0 = Debug|Any CPU
		{9DF259F9-23B8-4AA6-BD4E-9CA265F20F5E}.Release|Any CPU.ActiveCfg = Release|Any CPU
		{9DF259F9-23B8-4AA6-BD4E-9CA265F20F5E}.Release|Any CPU.Build.0 = Release|Any CPU
		{558079F4-F179-42FF-B603-09624EF235E1}.Debug|Any CPU.ActiveCfg = Debug|Any CPU
		{558079F4-F179-42FF-B603-09624EF235E1}.Release|Any CPU.ActiveCfg = Release|Any CPU
		{CFEE76DE-A896-40A7-A39E-3F8FF3462236}.Debug|Any CPU.ActiveCfg = Debug|Any CPU
		{CFEE76DE-A896-40A7-A39E-3F8FF3462236}.Debug|Any CPU.Build.0 = Debug|Any CPU
		{CFEE76DE-A896-40A7-A39E-3F8FF3462236}.Release|Any CPU.ActiveCfg = Release|Any CPU
		{CFEE76DE-A896-40A7-A39E-3F8FF3462236}.Release|Any CPU.Build.0 = Release|Any CPU
	EndGlobalSection
	GlobalSection(SolutionProperties) = preSolution
		HideSolutionNode = FALSE
	EndGlobalSection
	GlobalSection(ExtensibilityGlobals) = postSolution
		SolutionGuid = {DAD21E6E-6B43-4B69-B727-5828892B1DDA}
	EndGlobalSection
EndGlobal
